
Microsoft Visual Studio Solution File, Format Version 12.00
# Visual Studio Version 17
VisualStudioVersion = 17.0.31903.59
MinimumVisualStudioVersion = 10.0.40219.1
Project("{2150E333-8FDC-42A3-9474-1A3956D46DE8}") = "src", "src", "{827E0CD3-B72D-47B6-A68D-7590B98EB39B}"
EndProject
Project("{FAE04EC0-301F-11D3-BF4B-00C04F79EFBC}") = "Hunter.Api", "src\Hunter.Api\Hunter.Api.csproj", "{B1346C6C-D9A8-4A42-BB7F-CCBDA0780154}"
EndProject
Project("{FAE04EC0-301F-11D3-BF4B-00C04F79EFBC}") = "Hunter.Domain", "src\Hunter.Domain\Hunter.Domain.csproj", "{4FD73B38-82DF-4A0A-A548-49B47CFA4F1E}"
EndProject
Project("{FAE04EC0-301F-11D3-BF4B-00C04F79EFBC}") = "Hunter.Application", "src\Hunter.Application\Hunter.Application.csproj", "{C83445AA-2622-4C7F-92C1-37EAEE8C9943}"
EndProject
Project("{FAE04EC0-301F-11D3-BF4B-00C04F79EFBC}") = "Hunter.Infrastructure", "src\Hunter.Infrastructure\Hunter.Infrastructure.csproj", "{F5DFD133-E3CF-478C-A5A9-1AB55D4EDDB5}"
EndProject
Project("{FAE04EC0-301F-11D3-BF4B-00C04F79EFBC}") = "Hunter.Shared", "src\Hunter.Shared\Hunter.Shared.csproj", "{B0D04392-11D5-417F-A3F0-2907AB6A1287}"
EndProject
Project("{2150E333-8FDC-42A3-9474-1A3956D46DE8}") = "tests", "tests", "{0AB3BF05-4346-4AA6-1389-037BE0695223}"
EndProject
Project("{FAE04EC0-301F-11D3-BF4B-00C04F79EFBC}") = "Hunter.Tests", "tests\Hunter.Tests\Hunter.Tests.csproj", "{2605CF1A-93F1-415E-9724-555D059A8722}"
EndProject
Global
	GlobalSection(SolutionConfigurationPlatforms) = preSolution
		Debug|Any CPU = Debug|Any CPU
		Debug|x64 = Debug|x64
		Debug|x86 = Debug|x86
		Release|Any CPU = Release|Any CPU
		Release|x64 = Release|x64
		Release|x86 = Release|x86
	EndGlobalSection
	GlobalSection(ProjectConfigurationPlatforms) = postSolution
		{B1346C6C-D9A8-4A42-BB7F-CCBDA0780154}.Debug|Any CPU.ActiveCfg = Debug|Any CPU
		{B1346C6C-D9A8-4A42-BB7F-CCBDA0780154}.Debug|Any CPU.Build.0 = Debug|Any CPU
		{B1346C6C-D9A8-4A42-BB7F-CCBDA0780154}.Debug|x64.ActiveCfg = Debug|Any CPU
		{B1346C6C-D9A8-4A42-BB7F-CCBDA0780154}.Debug|x64.Build.0 = Debug|Any CPU
		{B1346C6C-D9A8-4A42-BB7F-CCBDA0780154}.Debug|x86.ActiveCfg = Debug|Any CPU
		{B1346C6C-D9A8-4A42-BB7F-CCBDA0780154}.Debug|x86.Build.0 = Debug|Any CPU
		{B1346C6C-D9A8-4A42-BB7F-CCBDA0780154}.Release|Any CPU.ActiveCfg = Release|Any CPU
		{B1346C6C-D9A8-4A42-BB7F-CCBDA0780154}.Release|Any CPU.Build.0 = Release|Any CPU
		{B1346C6C-D9A8-4A42-BB7F-CCBDA0780154}.Release|x64.ActiveCfg = Release|Any CPU
		{B1346C6C-D9A8-4A42-BB7F-CCBDA0780154}.Release|x64.Build.0 = Release|Any CPU
		{B1346C6C-D9A8-4A42-BB7F-CCBDA0780154}.Release|x86.ActiveCfg = Release|Any CPU
		{B1346C6C-D9A8-4A42-BB7F-CCBDA0780154}.Release|x86.Build.0 = Release|Any CPU
		{4FD73B38-82DF-4A0A-A548-49B47CFA4F1E}.Debug|Any CPU.ActiveCfg = Debug|Any CPU
		{4FD73B38-82DF-4A0A-A548-49B47CFA4F1E}.Debug|Any CPU.Build.0 = Debug|Any CPU
		{4FD73B38-82DF-4A0A-A548-49B47CFA4F1E}.Debug|x64.ActiveCfg = Debug|Any CPU
		{4FD73B38-82DF-4A0A-A548-49B47CFA4F1E}.Debug|x64.Build.0 = Debug|Any CPU
		{4FD73B38-82DF-4A0A-A548-49B47CFA4F1E}.Debug|x86.ActiveCfg = Debug|Any CPU
		{4FD73B38-82DF-4A0A-A548-49B47CFA4F1E}.Debug|x86.Build.0 = Debug|Any CPU
		{4FD73B38-82DF-4A0A-A548-49B47CFA4F1E}.Release|Any CPU.ActiveCfg = Release|Any CPU
		{4FD73B38-82DF-4A0A-A548-49B47CFA4F1E}.Release|Any CPU.Build.0 = Release|Any CPU
		{4FD73B38-82DF-4A0A-A548-49B47CFA4F1E}.Release|x64.ActiveCfg = Release|Any CPU
		{4FD73B38-82DF-4A0A-A548-49B47CFA4F1E}.Release|x64.Build.0 = Release|Any CPU
		{4FD73B38-82DF-4A0A-A548-49B47CFA4F1E}.Release|x86.ActiveCfg = Release|Any CPU
		{4FD73B38-82DF-4A0A-A548-49B47CFA4F1E}.Release|x86.Build.0 = Release|Any CPU
		{C83445AA-2622-4C7F-92C1-37EAEE8C9943}.Debug|Any CPU.ActiveCfg = Debug|Any CPU
		{C83445AA-2622-4C7F-92C1-37EAEE8C9943}.Debug|Any CPU.Build.0 = Debug|Any CPU
		{C83445AA-2622-4C7F-92C1-37EAEE8C9943}.Debug|x64.ActiveCfg = Debug|Any CPU
		{C83445AA-2622-4C7F-92C1-37EAEE8C9943}.Debug|x64.Build.0 = Debug|Any CPU
		{C83445AA-2622-4C7F-92C1-37EAEE8C9943}.Debug|x86.ActiveCfg = Debug|Any CPU
		{C83445AA-2622-4C7F-92C1-37EAEE8C9943}.Debug|x86.Build.0 = Debug|Any CPU
		{C83445AA-2622-4C7F-92C1-37EAEE8C9943}.Release|Any CPU.ActiveCfg = Release|Any CPU
		{C83445AA-2622-4C7F-92C1-37EAEE8C9943}.Release|Any CPU.Build.0 = Release|Any CPU
		{C83445AA-2622-4C7F-92C1-37EAEE8C9943}.Release|x64.ActiveCfg = Release|Any CPU
		{C83445AA-2622-4C7F-92C1-37EAEE8C9943}.Release|x64.Build.0 = Release|Any CPU
		{C83445AA-2622-4C7F-92C1-37EAEE8C9943}.Release|x86.ActiveCfg = Release|Any CPU
		{C83445AA-2622-4C7F-92C1-37EAEE8C9943}.Release|x86.Build.0 = Release|Any CPU
		{F5DFD133-E3CF-478C-A5A9-1AB55D4EDDB5}.Debug|Any CPU.ActiveCfg = Debug|Any CPU
		{F5DFD133-E3CF-478C-A5A9-1AB55D4EDDB5}.Debug|Any CPU.Build.0 = Debug|Any CPU
		{F5DFD133-E3CF-478C-A5A9-1AB55D4EDDB5}.Debug|x64.ActiveCfg = Debug|Any CPU
		{F5DFD133-E3CF-478C-A5A9-1AB55D4EDDB5}.Debug|x64.Build.0 = Debug|Any CPU
		{F5DFD133-E3CF-478C-A5A9-1AB55D4EDDB5}.Debug|x86.ActiveCfg = Debug|Any CPU
		{F5DFD133-E3CF-478C-A5A9-1AB55D4EDDB5}.Debug|x86.Build.0 = Debug|Any CPU
		{F5DFD133-E3CF-478C-A5A9-1AB55D4EDDB5}.Release|Any CPU.ActiveCfg = Release|Any CPU
		{F5DFD133-E3CF-478C-A5A9-1AB55D4EDDB5}.Release|Any CPU.Build.0 = Release|Any CPU
		{F5DFD133-E3CF-478C-A5A9-1AB55D4EDDB5}.Release|x64.ActiveCfg = Release|Any CPU
		{F5DFD133-E3CF-478C-A5A9-1AB55D4EDDB5}.Release|x64.Build.0 = Release|Any CPU
		{F5DFD133-E3CF-478C-A5A9-1AB55D4EDDB5}.Release|x86.ActiveCfg = Release|Any CPU
		{F5DFD133-E3CF-478C-A5A9-1AB55D4EDDB5}.Release|x86.Build.0 = Release|Any CPU
		{B0D04392-11D5-417F-A3F0-2907AB6A1287}.Debug|Any CPU.ActiveCfg = Debug|Any CPU
		{B0D04392-11D5-417F-A3F0-2907AB6A1287}.Debug|Any CPU.Build.0 = Debug|Any CPU
		{B0D04392-11D5-417F-A3F0-2907AB6A1287}.Debug|x64.ActiveCfg = Debug|Any CPU
		{B0D04392-11D5-417F-A3F0-2907AB6A1287}.Debug|x64.Build.0 = Debug|Any CPU
		{B0D04392-11D5-417F-A3F0-2907AB6A1287}.Debug|x86.ActiveCfg = Debug|Any CPU
		{B0D04392-11D5-417F-A3F0-2907AB6A1287}.Debug|x86.Build.0 = Debug|Any CPU
		{B0D04392-11D5-417F-A3F0-2907AB6A1287}.Release|Any CPU.ActiveCfg = Release|Any CPU
		{B0D04392-11D5-417F-A3F0-2907AB6A1287}.Release|Any CPU.Build.0 = Release|Any CPU
		{B0D04392-11D5-417F-A3F0-2907AB6A1287}.Release|x64.ActiveCfg = Release|Any CPU
		{B0D04392-11D5-417F-A3F0-2907AB6A1287}.Release|x64.Build.0 = Release|Any CPU
		{B0D04392-11D5-417F-A3F0-2907AB6A1287}.Release|x86.ActiveCfg = Release|Any CPU
		{B0D04392-11D5-417F-A3F0-2907AB6A1287}.Release|x86.Build.0 = Release|Any CPU
		{2605CF1A-93F1-415E-9724-555D059A8722}.Debug|Any CPU.ActiveCfg = Debug|Any CPU
		{2605CF1A-93F1-415E-9724-555D059A8722}.Debug|Any CPU.Build.0 = Debug|Any CPU
		{2605CF1A-93F1-415E-9724-555D059A8722}.Debug|x64.ActiveCfg = Debug|Any CPU
		{2605CF1A-93F1-415E-9724-555D059A8722}.Debug|x64.Build.0 = Debug|Any CPU
		{2605CF1A-93F1-415E-9724-555D059A8722}.Debug|x86.ActiveCfg = Debug|Any CPU
		{2605CF1A-93F1-415E-9724-555D059A8722}.Debug|x86.Build.0 = Debug|Any CPU
		{2605CF1A-93F1-415E-9724-555D059A8722}.Release|Any CPU.ActiveCfg = Release|Any CPU
		{2605CF1A-93F1-415E-9724-555D059A8722}.Release|Any CPU.Build.0 = Release|Any CPU
		{2605CF1A-93F1-415E-9724-555D059A8722}.Release|x64.ActiveCfg = Release|Any CPU
		{2605CF1A-93F1-415E-9724-555D059A8722}.Release|x64.Build.0 = Release|Any CPU
		{2605CF1A-93F1-415E-9724-555D059A8722}.Release|x86.ActiveCfg = Release|Any CPU
		{2605CF1A-93F1-415E-9724-555D059A8722}.Release|x86.Build.0 = Release|Any CPU
	EndGlobalSection
	GlobalSection(SolutionProperties) = preSolution
		HideSolutionNode = FALSE
	EndGlobalSection
	GlobalSection(NestedProjects) = preSolution
		{B1346C6C-D9A8-4A42-BB7F-CCBDA0780154} = {827E0CD3-B72D-47B6-A68D-7590B98EB39B}
		{4FD73B38-82DF-4A0A-A548-49B47CFA4F1E} = {827E0CD3-B72D-47B6-A68D-7590B98EB39B}
		{C83445AA-2622-4C7F-92C1-37EAEE8C9943} = {827E0CD3-B72D-47B6-A68D-7590B98EB39B}
		{F5DFD133-E3CF-478C-A5A9-1AB55D4EDDB5} = {827E0CD3-B72D-47B6-A68D-7590B98EB39B}
		{B0D04392-11D5-417F-A3F0-2907AB6A1287} = {827E0CD3-B72D-47B6-A68D-7590B98EB39B}
		{2605CF1A-93F1-415E-9724-555D059A8722} = {0AB3BF05-4346-4AA6-1389-037BE0695223}
	EndGlobalSection
EndGlobal
